
Microsoft Visual Studio Solution File, Format Version 12.00
# Visual Studio Version 17
VisualStudioVersion = 17.2.32630.192
MinimumVisualStudioVersion = 10.0.40219.1
Project("{9A19103F-16F7-4668-BE54-9A1E7A4F7556}") = "Sparky", "Sparky\Sparky.csproj", "{632AC480-AFE3-4990-AEDC-C1281E0431A8}"
EndProject
Project("{9A19103F-16F7-4668-BE54-9A1E7A4F7556}") = "SparkyMSTest", "SparkyMSTest\SparkyMSTest.csproj", "{78C70628-5C66-4360-AEB2-9E8E8A96E8F8}"
EndProject
Project("{9A19103F-16F7-4668-BE54-9A1E7A4F7556}") = "SparkyNUnitTest", "SparkyNUnitTest\SparkyNUnitTest.csproj", "{D357FC51-5C82-4C38-84A7-6DCA3142763D}"
EndProject
Project("{FAE04EC0-301F-11D3-BF4B-00C04F79EFBC}") = "SparkyXUnit", "SparkyXUnit\SparkyXUnit.csproj", "{F269570F-94B8-40F2-81D7-3FC105B898B8}"
EndProject
Project("{2150E333-8FDC-42A3-9474-1A3956D46DE8}") = "Basics", "Basics", "{D8CDE28A-4534-4C43-80A7-BDB1E7C282BB}"
EndProject
Project("{2150E333-8FDC-42A3-9474-1A3956D46DE8}") = "BongoWeb", "BongoWeb", "{09F14DBD-2FD7-4D48-979D-2BD3D1CA4ED1}"
EndProject
Project("{9A19103F-16F7-4668-BE54-9A1E7A4F7556}") = "Bongo.Core", "Bongo_InitialSetup (.NET 6)\Bongo.Core\Bongo.Core.csproj", "{0D40F4FE-0B8A-46AB-A7FF-40229A0DED00}"
EndProject
Project("{9A19103F-16F7-4668-BE54-9A1E7A4F7556}") = "Bongo.DataAccess", "Bongo_InitialSetup (.NET 6)\Bongo.DataAccess\Bongo.DataAccess.csproj", "{3ABADF27-316F-4D3A-95D7-BC734BAB785A}"
EndProject
Project("{9A19103F-16F7-4668-BE54-9A1E7A4F7556}") = "Bongo.Models", "Bongo_InitialSetup (.NET 6)\Bongo.Models\Bongo.Models.csproj", "{4EAA55DC-5871-4C20-B3B7-815D7A8325D2}"
EndProject
Project("{9A19103F-16F7-4668-BE54-9A1E7A4F7556}") = "Bongo.Web", "Bongo_InitialSetup (.NET 6)\Bongo.Web\Bongo.Web.csproj", "{1A38AEC8-270D-4CF4-B656-8A15A0746C69}"
EndProject
Global
	GlobalSection(SolutionConfigurationPlatforms) = preSolution
		Debug|Any CPU = Debug|Any CPU
		Release|Any CPU = Release|Any CPU
	EndGlobalSection
	GlobalSection(ProjectConfigurationPlatforms) = postSolution
		{632AC480-AFE3-4990-AEDC-C1281E0431A8}.Debug|Any CPU.ActiveCfg = Debug|Any CPU
		{632AC480-AFE3-4990-AEDC-C1281E0431A8}.Debug|Any CPU.Build.0 = Debug|Any CPU
		{632AC480-AFE3-4990-AEDC-C1281E0431A8}.Release|Any CPU.ActiveCfg = Release|Any CPU
		{632AC480-AFE3-4990-AEDC-C1281E0431A8}.Release|Any CPU.Build.0 = Release|Any CPU
		{78C70628-5C66-4360-AEB2-9E8E8A96E8F8}.Debug|Any CPU.ActiveCfg = Debug|Any CPU
		{78C70628-5C66-4360-AEB2-9E8E8A96E8F8}.Debug|Any CPU.Build.0 = Debug|Any CPU
		{78C70628-5C66-4360-AEB2-9E8E8A96E8F8}.Release|Any CPU.ActiveCfg = Release|Any CPU
		{78C70628-5C66-4360-AEB2-9E8E8A96E8F8}.Release|Any CPU.Build.0 = Release|Any CPU
		{D357FC51-5C82-4C38-84A7-6DCA3142763D}.Debug|Any CPU.ActiveCfg = Debug|Any CPU
		{D357FC51-5C82-4C38-84A7-6DCA3142763D}.Debug|Any CPU.Build.0 = Debug|Any CPU
		{D357FC51-5C82-4C38-84A7-6DCA3142763D}.Release|Any CPU.ActiveCfg = Release|Any CPU
		{D357FC51-5C82-4C38-84A7-6DCA3142763D}.Release|Any CPU.Build.0 = Release|Any CPU
		{F269570F-94B8-40F2-81D7-3FC105B898B8}.Debug|Any CPU.ActiveCfg = Debug|Any CPU
		{F269570F-94B8-40F2-81D7-3FC105B898B8}.Debug|Any CPU.Build.0 = Debug|Any CPU
		{F269570F-94B8-40F2-81D7-3FC105B898B8}.Release|Any CPU.ActiveCfg = Release|Any CPU
		{F269570F-94B8-40F2-81D7-3FC105B898B8}.Release|Any CPU.Build.0 = Release|Any CPU
		{0D40F4FE-0B8A-46AB-A7FF-40229A0DED00}.Debug|Any CPU.ActiveCfg = Debug|Any CPU
		{0D40F4FE-0B8A-46AB-A7FF-40229A0DED00}.Debug|Any CPU.Build.0 = Debug|Any CPU
		{0D40F4FE-0B8A-46AB-A7FF-40229A0DED00}.Release|Any CPU.ActiveCfg = Release|Any CPU
		{0D40F4FE-0B8A-46AB-A7FF-40229A0DED00}.Release|Any CPU.Build.0 = Release|Any CPU
		{3ABADF27-316F-4D3A-95D7-BC734BAB785A}.Debug|Any CPU.ActiveCfg = Debug|Any CPU
		{3ABADF27-316F-4D3A-95D7-BC734BAB785A}.Debug|Any CPU.Build.0 = Debug|Any CPU
		{3ABADF27-316F-4D3A-95D7-BC734BAB785A}.Release|Any CPU.ActiveCfg = Release|Any CPU
		{3ABADF27-316F-4D3A-95D7-BC734BAB785A}.Release|Any CPU.Build.0 = Release|Any CPU
		{4EAA55DC-5871-4C20-B3B7-815D7A8325D2}.Debug|Any CPU.ActiveCfg = Debug|Any CPU
		{4EAA55DC-5871-4C20-B3B7-815D7A8325D2}.Debug|Any CPU.Build.0 = Debug|Any CPU
		{4EAA55DC-5871-4C20-B3B7-815D7A8325D2}.Release|Any CPU.ActiveCfg = Release|Any CPU
		{4EAA55DC-5871-4C20-B3B7-815D7A8325D2}.Release|Any CPU.Build.0 = Release|Any CPU
		{1A38AEC8-270D-4CF4-B656-8A15A0746C69}.Debug|Any CPU.ActiveCfg = Debug|Any CPU
		{1A38AEC8-270D-4CF4-B656-8A15A0746C69}.Debug|Any CPU.Build.0 = Debug|Any CPU
		{1A38AEC8-270D-4CF4-B656-8A15A0746C69}.Release|Any CPU.ActiveCfg = Release|Any CPU
		{1A38AEC8-270D-4CF4-B656-8A15A0746C69}.Release|Any CPU.Build.0 = Release|Any CPU
	EndGlobalSection
	GlobalSection(SolutionProperties) = preSolution
		HideSolutionNode = FALSE
	EndGlobalSection
	GlobalSection(NestedProjects) = preSolution
		{632AC480-AFE3-4990-AEDC-C1281E0431A8} = {D8CDE28A-4534-4C43-80A7-BDB1E7C282BB}
		{78C70628-5C66-4360-AEB2-9E8E8A96E8F8} = {D8CDE28A-4534-4C43-80A7-BDB1E7C282BB}
		{D357FC51-5C82-4C38-84A7-6DCA3142763D} = {D8CDE28A-4534-4C43-80A7-BDB1E7C282BB}
		{F269570F-94B8-40F2-81D7-3FC105B898B8} = {D8CDE28A-4534-4C43-80A7-BDB1E7C282BB}
		{0D40F4FE-0B8A-46AB-A7FF-40229A0DED00} = {09F14DBD-2FD7-4D48-979D-2BD3D1CA4ED1}
		{3ABADF27-316F-4D3A-95D7-BC734BAB785A} = {09F14DBD-2FD7-4D48-979D-2BD3D1CA4ED1}
		{4EAA55DC-5871-4C20-B3B7-815D7A8325D2} = {09F14DBD-2FD7-4D48-979D-2BD3D1CA4ED1}
		{1A38AEC8-270D-4CF4-B656-8A15A0746C69} = {09F14DBD-2FD7-4D48-979D-2BD3D1CA4ED1}
	EndGlobalSection
	GlobalSection(ExtensibilityGlobals) = postSolution
		SolutionGuid = {7581A16D-3E7E-4565-8734-2B88736CA727}
	EndGlobalSection
EndGlobal
